
Microsoft Visual Studio Solution File, Format Version 12.00
# Visual Studio Version 17
VisualStudioVersion = 17.7.34031.279
MinimumVisualStudioVersion = 10.0.40219.1
Project("{FAE04EC0-301F-11D3-BF4B-00C04F79EFBC}") = "WinFormsApp1", "WinFormsApp1\WinFormsApp1.csproj", "{318A2495-E2D9-4AFF-943C-2CEAA969324F}"
EndProject
Global
	GlobalSection(SolutionConfigurationPlatforms) = preSolution
		Debug|Any CPU = Debug|Any CPU
		Release|Any CPU = Release|Any CPU
	EndGlobalSection
	GlobalSection(ProjectConfigurationPlatforms) = postSolution
		{318A2495-E2D9-4AFF-943C-2CEAA969324F}.Debug|Any CPU.ActiveCfg = Debug|Any CPU
		{318A2495-E2D9-4AFF-943C-2CEAA969324F}.Debug|Any CPU.Build.0 = Debug|Any CPU
		{318A2495-E2D9-4AFF-943C-2CEAA969324F}.Release|Any CPU.ActiveCfg = Release|Any CPU
		{318A2495-E2D9-4AFF-943C-2CEAA969324F}.Release|Any CPU.Build.0 = Release|Any CPU
	EndGlobalSection
	GlobalSection(SolutionProperties) = preSolution
		HideSolutionNode = FALSE
	EndGlobalSection
	GlobalSection(ExtensibilityGlobals) = postSolution
		SolutionGuid = {8B953ABD-0312-4343-AEC4-4D936CD34A9D}
	EndGlobalSection
EndGlobal
